
Microsoft Visual Studio Solution File, Format Version 12.00
# Visual Studio Version 17
VisualStudioVersion = 17.4.33122.133
MinimumVisualStudioVersion = 10.0.40219.1
Project("{FAE04EC0-301F-11D3-BF4B-00C04F79EFBC}") = "Login", "Login\Login.csproj", "{1113FB35-AFA5-468D-ACEC-D39C8AC9F1A6}"
EndProject
Project("{FAE04EC0-301F-11D3-BF4B-00C04F79EFBC}") = "ServiceLayer", "ServiceLayer\ServiceLayer.csproj", "{3D9C71BC-DC8B-44A7-8481-0E66155685D0}"
EndProject
Global
	GlobalSection(SolutionConfigurationPlatforms) = preSolution
		Debug|Any CPU = Debug|Any CPU
		Release|Any CPU = Release|Any CPU
	EndGlobalSection
	GlobalSection(ProjectConfigurationPlatforms) = postSolution
		{1113FB35-AFA5-468D-ACEC-D39C8AC9F1A6}.Debug|Any CPU.ActiveCfg = Debug|Any CPU
		{1113FB35-AFA5-468D-ACEC-D39C8AC9F1A6}.Debug|Any CPU.Build.0 = Debug|Any CPU
		{1113FB35-AFA5-468D-ACEC-D39C8AC9F1A6}.Release|Any CPU.ActiveCfg = Release|Any CPU
		{1113FB35-AFA5-468D-ACEC-D39C8AC9F1A6}.Release|Any CPU.Build.0 = Release|Any CPU
		{3D9C71BC-DC8B-44A7-8481-0E66155685D0}.Debug|Any CPU.ActiveCfg = Debug|Any CPU
		{3D9C71BC-DC8B-44A7-8481-0E66155685D0}.Debug|Any CPU.Build.0 = Debug|Any CPU
		{3D9C71BC-DC8B-44A7-8481-0E66155685D0}.Release|Any CPU.ActiveCfg = Release|Any CPU
		{3D9C71BC-DC8B-44A7-8481-0E66155685D0}.Release|Any CPU.Build.0 = Release|Any CPU
	EndGlobalSection
	GlobalSection(SolutionProperties) = preSolution
		HideSolutionNode = FALSE
	EndGlobalSection
	GlobalSection(ExtensibilityGlobals) = postSolution
		SolutionGuid = {17E3EA4E-F916-4C3D-9286-89DAD147F6EA}
	EndGlobalSection
EndGlobal
